
Microsoft Visual Studio Solution File, Format Version 12.00
# Visual Studio Version 17
VisualStudioVersion = 17.14.36717.8
MinimumVisualStudioVersion = 10.0.40219.1
Project("{8BC9CEB8-8B4A-11D0-8D11-00A0C91BC942}") = "LAB04", "LAB04\LAB04.vcxproj", "{2978915C-98AC-45CB-9431-20801212529C}"
EndProject
Project("{8BC9CEB8-8B4A-11D0-8D11-00A0C91BC942}") = "LAB04.1", "LAB04.1\LAB04.1.vcxproj", "{38BA946C-E5D3-47FB-8E8B-6118EBBB7F1F}"
EndProject
Project("{8BC9CEB8-8B4A-11D0-8D11-00A0C91BC942}") = "LAB04.2", "LAB04.2\LAB04.2.vcxproj", "{ED429855-39DA-4995-92FC-7180CB84D9CD}"
EndProject
Project("{8BC9CEB8-8B4A-11D0-8D11-00A0C91BC942}") = "LAB04.3", "LAB04.3\LAB04.3.vcxproj", "{9C831357-57BA-4C11-8BE4-6B05F8978AFA}"
EndProject
Project("{8BC9CEB8-8B4A-11D0-8D11-00A0C91BC942}") = "LAB04.2.1", "LAB04.2.1\LAB04.2.1.vcxproj", "{AD4F3B2C-C228-4064-ACA2-EC34D8878389}"
EndProject
Project("{8BC9CEB8-8B4A-11D0-8D11-00A0C91BC942}") = "LAB04.1.1", "LAB04.1.1\LAB04.1.1.vcxproj", "{312CC085-1C9B-4496-A028-F6238AFF8E6E}"
EndProject
Project("{8BC9CEB8-8B4A-11D0-8D11-00A0C91BC942}") = "LAB04.1.2", "LAB04.1.2\LAB04.1.2.vcxproj", "{885EE0D6-C063-4728-8A01-F1EFFC3D20BF}"
EndProject
Project("{8BC9CEB8-8B4A-11D0-8D11-00A0C91BC942}") = "LAB04.2.2", "LAB04.2.2\LAB04.2.2.vcxproj", "{EF468425-3D27-434C-8E4C-D33A9DCA7BC1}"
EndProject
Project("{8BC9CEB8-8B4A-11D0-8D11-00A0C91BC942}") = "LAB04.3.1", "LAB04.3.1\LAB04.3.1.vcxproj", "{B6DD1159-1E6E-4467-834B-9E159F6069CA}"
EndProject
Project("{8BC9CEB8-8B4A-11D0-8D11-00A0C91BC942}") = "LAB04.3.2", "LAB04.3.2\LAB04.3.2.vcxproj", "{621E8B68-88EC-43C4-AF36-464894A88725}"
EndProject
Project("{8BC9CEB8-8B4A-11D0-8D11-00A0C91BC942}") = "LAB04.4", "LAB04.4\LAB04.4.vcxproj", "{42828443-4B8F-4375-B31D-D1C8DB601811}"
EndProject
Project("{8BC9CEB8-8B4A-11D0-8D11-00A0C91BC942}") = "LAB04.5", "LAB04.5\LAB04.5.vcxproj", "{94E0B5AB-3424-4385-AF88-A629CDA6E739}"
EndProject
Project("{8BC9CEB8-8B4A-11D0-8D11-00A0C91BC942}") = "LAB04.6", "LAB04.6\LAB04.6.vcxproj", "{032338D5-07FD-4B70-BFBC-361D7D06444A}"
EndProject
Project("{8BC9CEB8-8B4A-11D0-8D11-00A0C91BC942}") = "LAB04.7", "LAB04.7\LAB04.7.vcxproj", "{ADBB4D79-C12B-4338-BE4D-49CC95A1C7AC}"
EndProject
Global
	GlobalSection(SolutionConfigurationPlatforms) = preSolution
		Debug|x64 = Debug|x64
		Debug|x86 = Debug|x86
		Release|x64 = Release|x64
		Release|x86 = Release|x86
	EndGlobalSection
	GlobalSection(ProjectConfigurationPlatforms) = postSolution
		{2978915C-98AC-45CB-9431-20801212529C}.Debug|x64.ActiveCfg = Debug|x64
		{2978915C-98AC-45CB-9431-20801212529C}.Debug|x64.Build.0 = Debug|x64
		{2978915C-98AC-45CB-9431-20801212529C}.Debug|x86.ActiveCfg = Debug|Win32
		{2978915C-98AC-45CB-9431-20801212529C}.Debug|x86.Build.0 = Debug|Win32
		{2978915C-98AC-45CB-9431-20801212529C}.Release|x64.ActiveCfg = Release|x64
		{2978915C-98AC-45CB-9431-20801212529C}.Release|x64.Build.0 = Release|x64
		{2978915C-98AC-45CB-9431-20801212529C}.Release|x86.ActiveCfg = Release|Win32
		{2978915C-98AC-45CB-9431-20801212529C}.Release|x86.Build.0 = Release|Win32
		{38BA946C-E5D3-47FB-8E8B-6118EBBB7F1F}.Debug|x64.ActiveCfg = Debug|x64
		{38BA946C-E5D3-47FB-8E8B-6118EBBB7F1F}.Debug|x64.Build.0 = Debug|x64
		{38BA946C-E5D3-47FB-8E8B-6118EBBB7F1F}.Debug|x86.ActiveCfg = Debug|Win32
		{38BA946C-E5D3-47FB-8E8B-6118EBBB7F1F}.Debug|x86.Build.0 = Debug|Win32
		{38BA946C-E5D3-47FB-8E8B-6118EBBB7F1F}.Release|x64.ActiveCfg = Release|x64
		{38BA946C-E5D3-47FB-8E8B-6118EBBB7F1F}.Release|x64.Build.0 = Release|x64
		{38BA946C-E5D3-47FB-8E8B-6118EBBB7F1F}.Release|x86.ActiveCfg = Release|Win32
		{38BA946C-E5D3-47FB-8E8B-6118EBBB7F1F}.Release|x86.Build.0 = Release|Win32
		{ED429855-39DA-4995-92FC-7180CB84D9CD}.Debug|x64.ActiveCfg = Debug|x64
		{ED429855-39DA-4995-92FC-7180CB84D9CD}.Debug|x64.Build.0 = Debug|x64
		{ED429855-39DA-4995-92FC-7180CB84D9CD}.Debug|x86.ActiveCfg = Debug|Win32
		{ED429855-39DA-4995-92FC-7180CB84D9CD}.Debug|x86.Build.0 = Debug|Win32
		{ED429855-39DA-4995-92FC-7180CB84D9CD}.Release|x64.ActiveCfg = Release|x64
		{ED429855-39DA-4995-92FC-7180CB84D9CD}.Release|x64.Build.0 = Release|x64
		{ED429855-39DA-4995-92FC-7180CB84D9CD}.Release|x86.ActiveCfg = Release|Win32
		{ED429855-39DA-4995-92FC-7180CB84D9CD}.Release|x86.Build.0 = Release|Win32
		{9C831357-57BA-4C11-8BE4-6B05F8978AFA}.Debug|x64.ActiveCfg = Debug|x64
		{9C831357-57BA-4C11-8BE4-6B05F8978AFA}.Debug|x64.Build.0 = Debug|x64
		{9C831357-57BA-4C11-8BE4-6B05F8978AFA}.Debug|x86.ActiveCfg = Debug|Win32
		{9C831357-57BA-4C11-8BE4-6B05F8978AFA}.Debug|x86.Build.0 = Debug|Win32
		{9C831357-57BA-4C11-8BE4-6B05F8978AFA}.Release|x64.ActiveCfg = Release|x64
		{9C831357-57BA-4C11-8BE4-6B05F8978AFA}.Release|x64.Build.0 = Release|x64
		{9C831357-57BA-4C11-8BE4-6B05F8978AFA}.Release|x86.ActiveCfg = Release|Win32
		{9C831357-57BA-4C11-8BE4-6B05F8978AFA}.Release|x86.Build.0 = Release|Win32
		{AD4F3B2C-C228-4064-ACA2-EC34D8878389}.Debug|x64.ActiveCfg = Debug|x64
		{AD4F3B2C-C228-4064-ACA2-EC34D8878389}.Debug|x64.Build.0 = Debug|x64
		{AD4F3B2C-C228-4064-ACA2-EC34D8878389}.Debug|x86.ActiveCfg = Debug|Win32
		{AD4F3B2C-C228-4064-ACA2-EC34D8878389}.Debug|x86.Build.0 = Debug|Win32
		{AD4F3B2C-C228-4064-ACA2-EC34D8878389}.Release|x64.ActiveCfg = Release|x64
		{AD4F3B2C-C228-4064-ACA2-EC34D8878389}.Release|x64.Build.0 = Release|x64
		{AD4F3B2C-C228-4064-ACA2-EC34D8878389}.Release|x86.ActiveCfg = Release|Win32
		{AD4F3B2C-C228-4064-ACA2-EC34D8878389}.Release|x86.Build.0 = Release|Win32
		{312CC085-1C9B-4496-A028-F6238AFF8E6E}.Debug|x64.ActiveCfg = Debug|x64
		{312CC085-1C9B-4496-A028-F6238AFF8E6E}.Debug|x64.Build.0 = Debug|x64
		{312CC085-1C9B-4496-A028-F6238AFF8E6E}.Debug|x86.ActiveCfg = Debug|Win32
		{312CC085-1C9B-4496-A028-F6238AFF8E6E}.Debug|x86.Build.0 = Debug|Win32
		{312CC085-1C9B-4496-A028-F6238AFF8E6E}.Release|x64.ActiveCfg = Release|x64
		{312CC085-1C9B-4496-A028-F6238AFF8E6E}.Release|x64.Build.0 = Release|x64
		{312CC085-1C9B-4496-A028-F6238AFF8E6E}.Release|x86.ActiveCfg = Release|Win32
		{312CC085-1C9B-4496-A028-F6238AFF8E6E}.Release|x86.Build.0 = Release|Win32
		{885EE0D6-C063-4728-8A01-F1EFFC3D20BF}.Debug|x64.ActiveCfg = Debug|x64
		{885EE0D6-C063-4728-8A01-F1EFFC3D20BF}.Debug|x64.Build.0 = Debug|x64
		{885EE0D6-C063-4728-8A01-F1EFFC3D20BF}.Debug|x86.ActiveCfg = Debug|Win32
		{885EE0D6-C063-4728-8A01-F1EFFC3D20BF}.Debug|x86.Build.0 = Debug|Win32
		{885EE0D6-C063-4728-8A01-F1EFFC3D20BF}.Release|x64.ActiveCfg = Release|x64
		{885EE0D6-C063-4728-8A01-F1EFFC3D20BF}.Release|x64.Build.0 = Release|x64
		{885EE0D6-C063-4728-8A01-F1EFFC3D20BF}.Release|x86.ActiveCfg = Release|Win32
		{885EE0D6-C063-4728-8A01-F1EFFC3D20BF}.Release|x86.Build.0 = Release|Win32
		{EF468425-3D27-434C-8E4C-D33A9DCA7BC1}.Debug|x64.ActiveCfg = Debug|x64
		{EF468425-3D27-434C-8E4C-D33A9DCA7BC1}.Debug|x64.Build.0 = Debug|x64
		{EF468425-3D27-434C-8E4C-D33A9DCA7BC1}.Debug|x86.ActiveCfg = Debug|Win32
		{EF468425-3D27-434C-8E4C-D33A9DCA7BC1}.Debug|x86.Build.0 = Debug|Win32
		{EF468425-3D27-434C-8E4C-D33A9DCA7BC1}.Release|x64.ActiveCfg = Release|x64
		{EF468425-3D27-434C-8E4C-D33A9DCA7BC1}.Release|x64.Build.0 = Release|x64
		{EF468425-3D27-434C-8E4C-D33A9DCA7BC1}.Release|x86.ActiveCfg = Release|Win32
		{EF468425-3D27-434C-8E4C-D33A9DCA7BC1}.Release|x86.Build.0 = Release|Win32
		{B6DD1159-1E6E-4467-834B-9E159F6069CA}.Debug|x64.ActiveCfg = Debug|x64
		{B6DD1159-1E6E-4467-834B-9E159F6069CA}.Debug|x64.Build.0 = Debug|x64
		{B6DD1159-1E6E-4467-834B-9E159F6069CA}.Debug|x86.ActiveCfg = Debug|Win32
		{B6DD1159-1E6E-4467-834B-9E159F6069CA}.Debug|x86.Build.0 = Debug|Win32
		{B6DD1159-1E6E-4467-834B-9E159F6069CA}.Release|x64.ActiveCfg = Release|x64
		{B6DD1159-1E6E-4467-834B-9E159F6069CA}.Release|x64.Build.0 = Release|x64
		{B6DD1159-1E6E-4467-834B-9E159F6069CA}.Release|x86.ActiveCfg = Release|Win32
		{B6DD1159-1E6E-4467-834B-9E159F6069CA}.Release|x86.Build.0 = Release|Win32
		{621E8B68-88EC-43C4-AF36-464894A88725}.Debug|x64.ActiveCfg = Debug|x64
		{621E8B68-88EC-43C4-AF36-464894A88725}.Debug|x64.Build.0 = Debug|x64
		{621E8B68-88EC-43C4-AF36-464894A88725}.Debug|x86.ActiveCfg = Debug|Win32
		{621E8B68-88EC-43C4-AF36-464894A88725}.Debug|x86.Build.0 = Debug|Win32
		{621E8B68-88EC-43C4-AF36-464894A88725}.Release|x64.ActiveCfg = Release|x64
		{621E8B68-88EC-43C4-AF36-464894A88725}.Release|x64.Build.0 = Release|x64
		{621E8B68-88EC-43C4-AF36-464894A88725}.Release|x86.ActiveCfg = Release|Win32
		{621E8B68-88EC-43C4-AF36-464894A88725}.Release|x86.Build.0 = Release|Win32
		{42828443-4B8F-4375-B31D-D1C8DB601811}.Debug|x64.ActiveCfg = Debug|x64
		{42828443-4B8F-4375-B31D-D1C8DB601811}.Debug|x64.Build.0 = Debug|x64
		{42828443-4B8F-4375-B31D-D1C8DB601811}.Debug|x86.ActiveCfg = Debug|Win32
		{42828443-4B8F-4375-B31D-D1C8DB601811}.Debug|x86.Build.0 = Debug|Win32
		{42828443-4B8F-4375-B31D-D1C8DB601811}.Release|x64.ActiveCfg = Release|x64
		{42828443-4B8F-4375-B31D-D1C8DB601811}.Release|x64.Build.0 = Release|x64
		{42828443-4B8F-4375-B31D-D1C8DB601811}.Release|x86.ActiveCfg = Release|Win32
		{42828443-4B8F-4375-B31D-D1C8DB601811}.Release|x86.Build.0 = Release|Win32
		{94E0B5AB-3424-4385-AF88-A629CDA6E739}.Debug|x64.ActiveCfg = Debug|x64
		{94E0B5AB-3424-4385-AF88-A629CDA6E739}.Debug|x64.Build.0 = Debug|x64
		{94E0B5AB-3424-4385-AF88-A629CDA6E739}.Debug|x86.ActiveCfg = Debug|Win32
		{94E0B5AB-3424-4385-AF88-A629CDA6E739}.Debug|x86.Build.0 = Debug|Win32
		{94E0B5AB-3424-4385-AF88-A629CDA6E739}.Release|x64.ActiveCfg = Release|x64
		{94E0B5AB-3424-4385-AF88-A629CDA6E739}.Release|x64.Build.0 = Release|x64
		{94E0B5AB-3424-4385-AF88-A629CDA6E739}.Release|x86.ActiveCfg = Release|Win32
		{94E0B5AB-3424-4385-AF88-A629CDA6E739}.Release|x86.Build.0 = Release|Win32
		{032338D5-07FD-4B70-BFBC-361D7D06444A}.Debug|x64.ActiveCfg = Debug|x64
		{032338D5-07FD-4B70-BFBC-361D7D06444A}.Debug|x64.Build.0 = Debug|x64
		{032338D5-07FD-4B70-BFBC-361D7D06444A}.Debug|x86.ActiveCfg = Debug|Win32
		{032338D5-07FD-4B70-BFBC-361D7D06444A}.Debug|x86.Build.0 = Debug|Win32
		{032338D5-07FD-4B70-BFBC-361D7D06444A}.Release|x64.ActiveCfg = Release|x64
		{032338D5-07FD-4B70-BFBC-361D7D06444A}.Release|x64.Build.0 = Release|x64
		{032338D5-07FD-4B70-BFBC-361D7D06444A}.Release|x86.ActiveCfg = Release|Win32
		{032338D5-07FD-4B70-BFBC-361D7D06444A}.Release|x86.Build.0 = Release|Win32
		{ADBB4D79-C12B-4338-BE4D-49CC95A1C7AC}.Debug|x64.ActiveCfg = Debug|x64
		{ADBB4D79-C12B-4338-BE4D-49CC95A1C7AC}.Debug|x64.Build.0 = Debug|x64
		{ADBB4D79-C12B-4338-BE4D-49CC95A1C7AC}.Debug|x86.ActiveCfg = Debug|Win32
		{ADBB4D79-C12B-4338-BE4D-49CC95A1C7AC}.Debug|x86.Build.0 = Debug|Win32
		{ADBB4D79-C12B-4338-BE4D-49CC95A1C7AC}.Release|x64.ActiveCfg = Release|x64
		{ADBB4D79-C12B-4338-BE4D-49CC95A1C7AC}.Release|x64.Build.0 = Release|x64
		{ADBB4D79-C12B-4338-BE4D-49CC95A1C7AC}.Release|x86.ActiveCfg = Release|Win32
		{ADBB4D79-C12B-4338-BE4D-49CC95A1C7AC}.Release|x86.Build.0 = Release|Win32
	EndGlobalSection
	GlobalSection(SolutionProperties) = preSolution
		HideSolutionNode = FALSE
	EndGlobalSection
	GlobalSection(ExtensibilityGlobals) = postSolution
		SolutionGuid = {9EBAE9D9-223D-43E0-9CB9-31FE1945BF4F}
	EndGlobalSection
EndGlobal
