
Microsoft Visual Studio Solution File, Format Version 12.00
# Visual Studio Version 17
VisualStudioVersion = 17.14.36414.22 d17.14
MinimumVisualStudioVersion = 10.0.40219.1
Project("{8BC9CEB8-8B4A-11D0-8D11-00A0C91BC942}") = "Lab05", "Lab05\Lab05.vcxproj", "{25CAC939-E31B-41CD-AAE5-B3F5A69AD42E}"
EndProject
Project("{8BC9CEB8-8B4A-11D0-8D11-00A0C91BC942}") = "Lab5-2", "Lab5-2\Lab5-2.vcxproj", "{69295AAC-619A-4547-B4C4-73080DD9D3D8}"
EndProject
Project("{8BC9CEB8-8B4A-11D0-8D11-00A0C91BC942}") = "Lab5-3", "Lab5-3\Lab5-3.vcxproj", "{DD33661B-5947-4B61-9EFB-67552CD14DA4}"
EndProject
Global
	GlobalSection(SolutionConfigurationPlatforms) = preSolution
		Debug|x64 = Debug|x64
		Debug|x86 = Debug|x86
		Release|x64 = Release|x64
		Release|x86 = Release|x86
	EndGlobalSection
	GlobalSection(ProjectConfigurationPlatforms) = postSolution
		{25CAC939-E31B-41CD-AAE5-B3F5A69AD42E}.Debug|x64.ActiveCfg = Debug|x64
		{25CAC939-E31B-41CD-AAE5-B3F5A69AD42E}.Debug|x64.Build.0 = Debug|x64
		{25CAC939-E31B-41CD-AAE5-B3F5A69AD42E}.Debug|x86.ActiveCfg = Debug|Win32
		{25CAC939-E31B-41CD-AAE5-B3F5A69AD42E}.Debug|x86.Build.0 = Debug|Win32
		{25CAC939-E31B-41CD-AAE5-B3F5A69AD42E}.Release|x64.ActiveCfg = Release|x64
		{25CAC939-E31B-41CD-AAE5-B3F5A69AD42E}.Release|x64.Build.0 = Release|x64
		{25CAC939-E31B-41CD-AAE5-B3F5A69AD42E}.Release|x86.ActiveCfg = Release|Win32
		{25CAC939-E31B-41CD-AAE5-B3F5A69AD42E}.Release|x86.Build.0 = Release|Win32
		{69295AAC-619A-4547-B4C4-73080DD9D3D8}.Debug|x64.ActiveCfg = Debug|x64
		{69295AAC-619A-4547-B4C4-73080DD9D3D8}.Debug|x64.Build.0 = Debug|x64
		{69295AAC-619A-4547-B4C4-73080DD9D3D8}.Debug|x86.ActiveCfg = Debug|Win32
		{69295AAC-619A-4547-B4C4-73080DD9D3D8}.Debug|x86.Build.0 = Debug|Win32
		{69295AAC-619A-4547-B4C4-73080DD9D3D8}.Release|x64.ActiveCfg = Release|x64
		{69295AAC-619A-4547-B4C4-73080DD9D3D8}.Release|x64.Build.0 = Release|x64
		{69295AAC-619A-4547-B4C4-73080DD9D3D8}.Release|x86.ActiveCfg = Release|Win32
		{69295AAC-619A-4547-B4C4-73080DD9D3D8}.Release|x86.Build.0 = Release|Win32
		{DD33661B-5947-4B61-9EFB-67552CD14DA4}.Debug|x64.ActiveCfg = Debug|x64
		{DD33661B-5947-4B61-9EFB-67552CD14DA4}.Debug|x64.Build.0 = Debug|x64
		{DD33661B-5947-4B61-9EFB-67552CD14DA4}.Debug|x86.ActiveCfg = Debug|Win32
		{DD33661B-5947-4B61-9EFB-67552CD14DA4}.Debug|x86.Build.0 = Debug|Win32
		{DD33661B-5947-4B61-9EFB-67552CD14DA4}.Release|x64.ActiveCfg = Release|x64
		{DD33661B-5947-4B61-9EFB-67552CD14DA4}.Release|x64.Build.0 = Release|x64
		{DD33661B-5947-4B61-9EFB-67552CD14DA4}.Release|x86.ActiveCfg = Release|Win32
		{DD33661B-5947-4B61-9EFB-67552CD14DA4}.Release|x86.Build.0 = Release|Win32
	EndGlobalSection
	GlobalSection(SolutionProperties) = preSolution
		HideSolutionNode = FALSE
	EndGlobalSection
	GlobalSection(ExtensibilityGlobals) = postSolution
		SolutionGuid = {E637CF06-56B1-4DBA-B939-4E49C727013E}
	EndGlobalSection
EndGlobal
